Microsoft Visual Studio Solution File, Format Version 12.00
# Visual Studio Version 17
VisualStudioVersion = 17.5.2.0
MinimumVisualStudioVersion = 10.0.40219.1
Project("{2150E333-8FDC-42A3-9474-1A3956D46DE8}") = "lambdas", "lambdas", "{F6B1647C-7349-B0FF-4920-3CCD5A62CE69}"
EndProject
Project("{2150E333-8FDC-42A3-9474-1A3956D46DE8}") = "containers", "containers", "{C0FFEEC0-FFEE-C0FF-EEC0-FFEEC0FFEEC0}"
EndProject
Project("{FAE04EC0-301F-11D3-BF4B-00C04F79EFBC}") = "RssProcessor", "lambdas\RssProcessor\RssProcessor.csproj", "{B27C7AED-2266-9DB0-80A5-FA5CF3C76B3A}"
EndProject
Project("{FAE04EC0-301F-11D3-BF4B-00C04F79EFBC}") = "ArticleSimplifier", "lambdas\ArticleSimplifier\ArticleSimplifier.csproj", "{A1B2C3D4-5678-90AB-CDEF-111111111111}"
EndProject
Project("{FAE04EC0-301F-11D3-BF4B-00C04F79EFBC}") = "ImageGenerator", "lambdas\ImageGenerator\ImageGenerator.csproj", "{A1B2C3D4-5678-90AB-CDEF-222222222222}"
EndProject
Project("{FAE04EC0-301F-11D3-BF4B-00C04F79EFBC}") = "NewspaperOrchestrator", "lambdas\NewspaperOrchestrator\NewspaperOrchestrator.csproj", "{A1B2C3D4-5678-90AB-CDEF-333333333333}"
EndProject
Project("{FAE04EC0-301F-11D3-BF4B-00C04F79EFBC}") = "TextToSpeech", "lambdas\TextToSpeech\TextToSpeech.csproj", "{A1B2C3D4-5678-90AB-CDEF-444444444444}"
EndProject
Project("{FAE04EC0-301F-11D3-BF4B-00C04F79EFBC}") = "VideoGenerator", "containers\VideoGenerator\VideoGenerator.csproj", "{A1B2C3D4-5678-90AB-CDEF-666666666666}"
EndProject
Project("{FAE04EC0-301F-11D3-BF4B-00C04F79EFBC}") = "InstagramPublisher", "lambdas\InstagramPublisher\InstagramPublisher.csproj", "{46F1FB83-6136-4A1C-9F82-DCEBFEADE65A}"
EndProject
Global
	GlobalSection(SolutionConfigurationPlatforms) = preSolution
		Debug|Any CPU = Debug|Any CPU
		Release|Any CPU = Release|Any CPU
	EndGlobalSection
	GlobalSection(ProjectConfigurationPlatforms) = postSolution
		{B27C7AED-2266-9DB0-80A5-FA5CF3C76B3A}.Debug|Any CPU.ActiveCfg = Debug|Any CPU
		{B27C7AED-2266-9DB0-80A5-FA5CF3C76B3A}.Debug|Any CPU.Build.0 = Debug|Any CPU
		{B27C7AED-2266-9DB0-80A5-FA5CF3C76B3A}.Release|Any CPU.ActiveCfg = Release|Any CPU
		{B27C7AED-2266-9DB0-80A5-FA5CF3C76B3A}.Release|Any CPU.Build.0 = Release|Any CPU
		{A1B2C3D4-5678-90AB-CDEF-111111111111}.Debug|Any CPU.ActiveCfg = Debug|Any CPU
		{A1B2C3D4-5678-90AB-CDEF-111111111111}.Debug|Any CPU.Build.0 = Debug|Any CPU
		{A1B2C3D4-5678-90AB-CDEF-111111111111}.Release|Any CPU.ActiveCfg = Release|Any CPU
		{A1B2C3D4-5678-90AB-CDEF-111111111111}.Release|Any CPU.Build.0 = Release|Any CPU
		{A1B2C3D4-5678-90AB-CDEF-222222222222}.Debug|Any CPU.ActiveCfg = Debug|Any CPU
		{A1B2C3D4-5678-90AB-CDEF-222222222222}.Debug|Any CPU.Build.0 = Debug|Any CPU
		{A1B2C3D4-5678-90AB-CDEF-222222222222}.Release|Any CPU.ActiveCfg = Release|Any CPU
		{A1B2C3D4-5678-90AB-CDEF-222222222222}.Release|Any CPU.Build.0 = Release|Any CPU
		{A1B2C3D4-5678-90AB-CDEF-333333333333}.Debug|Any CPU.ActiveCfg = Debug|Any CPU
		{A1B2C3D4-5678-90AB-CDEF-333333333333}.Debug|Any CPU.Build.0 = Debug|Any CPU
		{A1B2C3D4-5678-90AB-CDEF-333333333333}.Release|Any CPU.ActiveCfg = Release|Any CPU
		{A1B2C3D4-5678-90AB-CDEF-333333333333}.Release|Any CPU.Build.0 = Release|Any CPU
		{A1B2C3D4-5678-90AB-CDEF-444444444444}.Debug|Any CPU.ActiveCfg = Debug|Any CPU
		{A1B2C3D4-5678-90AB-CDEF-444444444444}.Debug|Any CPU.Build.0 = Debug|Any CPU
		{A1B2C3D4-5678-90AB-CDEF-444444444444}.Release|Any CPU.ActiveCfg = Release|Any CPU
		{A1B2C3D4-5678-90AB-CDEF-444444444444}.Release|Any CPU.Build.0 = Release|Any CPU
		{A1B2C3D4-5678-90AB-CDEF-666666666666}.Debug|Any CPU.ActiveCfg = Debug|Any CPU
		{A1B2C3D4-5678-90AB-CDEF-666666666666}.Debug|Any CPU.Build.0 = Debug|Any CPU
		{A1B2C3D4-5678-90AB-CDEF-666666666666}.Release|Any CPU.ActiveCfg = Release|Any CPU
		{A1B2C3D4-5678-90AB-CDEF-666666666666}.Release|Any CPU.Build.0 = Release|Any CPU
		{46F1FB83-6136-4A1C-9F82-DCEBFEADE65A}.Debug|Any CPU.ActiveCfg = Debug|Any CPU
		{46F1FB83-6136-4A1C-9F82-DCEBFEADE65A}.Debug|Any CPU.Build.0 = Debug|Any CPU
		{46F1FB83-6136-4A1C-9F82-DCEBFEADE65A}.Release|Any CPU.ActiveCfg = Release|Any CPU
		{46F1FB83-6136-4A1C-9F82-DCEBFEADE65A}.Release|Any CPU.Build.0 = Release|Any CPU
	EndGlobalSection
	GlobalSection(SolutionProperties) = preSolution
		HideSolutionNode = FALSE
	EndGlobalSection
	GlobalSection(NestedProjects) = preSolution
		{B27C7AED-2266-9DB0-80A5-FA5CF3C76B3A} = {F6B1647C-7349-B0FF-4920-3CCD5A62CE69}
		{A1B2C3D4-5678-90AB-CDEF-111111111111} = {F6B1647C-7349-B0FF-4920-3CCD5A62CE69}
		{A1B2C3D4-5678-90AB-CDEF-222222222222} = {F6B1647C-7349-B0FF-4920-3CCD5A62CE69}
		{A1B2C3D4-5678-90AB-CDEF-333333333333} = {F6B1647C-7349-B0FF-4920-3CCD5A62CE69}
		{A1B2C3D4-5678-90AB-CDEF-444444444444} = {F6B1647C-7349-B0FF-4920-3CCD5A62CE69}
		{A1B2C3D4-5678-90AB-CDEF-666666666666} = {C0FFEEC0-FFEE-C0FF-EEC0-FFEEC0FFEEC0}
		{46F1FB83-6136-4A1C-9F82-DCEBFEADE65A} = {F6B1647C-7349-B0FF-4920-3CCD5A62CE69}
	EndGlobalSection
	GlobalSection(ExtensibilityGlobals) = postSolution
		SolutionGuid = {3CD65DC6-D280-48C3-ACE9-1EE15EA2EFDC}
	EndGlobalSection
EndGlobal
